
Microsoft Visual Studio Solution File, Format Version 12.00
# Visual Studio Version 16
VisualStudioVersion = 16.0.31025.194
MinimumVisualStudioVersion = 10.0.40219.1
Project("{FAE04EC0-301F-11D3-BF4B-00C04F79EFBC}") = "Fatorial", "Fatorial.csproj", "{5B8389D1-4BAA-49D9-9094-5C72B70369D6}"
EndProject
Global
	GlobalSection(SolutionConfigurationPlatforms) = preSolution
		Debug|Any CPU = Debug|Any CPU
		Release|Any CPU = Release|Any CPU
	EndGlobalSection
	GlobalSection(ProjectConfigurationPlatforms) = postSolution
		{5B8389D1-4BAA-49D9-9094-5C72B70369D6}.Debug|Any CPU.ActiveCfg = Debug|Any CPU
		{5B8389D1-4BAA-49D9-9094-5C72B70369D6}.Debug|Any CPU.Build.0 = Debug|Any CPU
		{5B8389D1-4BAA-49D9-9094-5C72B70369D6}.Release|Any CPU.ActiveCfg = Release|Any CPU
		{5B8389D1-4BAA-49D9-9094-5C72B70369D6}.Release|Any CPU.Build.0 = Release|Any CPU
	EndGlobalSection
	GlobalSection(SolutionProperties) = preSolution
		HideSolutionNode = FALSE
	EndGlobalSection
	GlobalSection(ExtensibilityGlobals) = postSolution
		SolutionGuid = {D8AF943A-CB7A-4EA9-8988-848C36C0878D}
	EndGlobalSection
EndGlobal
