
Microsoft Visual Studio Solution File, Format Version 12.00
# Visual Studio Version 16
VisualStudioVersion = 16.0.31025.194
MinimumVisualStudioVersion = 10.0.40219.1
Project("{FAE04EC0-301F-11D3-BF4B-00C04F79EFBC}") = "Par_Impar", "Par_Impar.csproj", "{169229D5-BA1D-4410-973F-1A44F267CC14}"
EndProject
Global
	GlobalSection(SolutionConfigurationPlatforms) = preSolution
		Debug|Any CPU = Debug|Any CPU
		Release|Any CPU = Release|Any CPU
	EndGlobalSection
	GlobalSection(ProjectConfigurationPlatforms) = postSolution
		{169229D5-BA1D-4410-973F-1A44F267CC14}.Debug|Any CPU.ActiveCfg = Debug|Any CPU
		{169229D5-BA1D-4410-973F-1A44F267CC14}.Debug|Any CPU.Build.0 = Debug|Any CPU
		{169229D5-BA1D-4410-973F-1A44F267CC14}.Release|Any CPU.ActiveCfg = Release|Any CPU
		{169229D5-BA1D-4410-973F-1A44F267CC14}.Release|Any CPU.Build.0 = Release|Any CPU
	EndGlobalSection
	GlobalSection(SolutionProperties) = preSolution
		HideSolutionNode = FALSE
	EndGlobalSection
	GlobalSection(ExtensibilityGlobals) = postSolution
		SolutionGuid = {89582DA4-A3A2-474E-9A0D-345EAD3968A9}
	EndGlobalSection
EndGlobal
